
Microsoft Visual Studio Solution File, Format Version 12.00
# Visual Studio Version 16
VisualStudioVersion = 16.0.30907.101
MinimumVisualStudioVersion = 10.0.40219.1
Project("{FAE04EC0-301F-11D3-BF4B-00C04F79EFBC}") = "GildedRoseKata", "GildedRoseKata\GildedRoseKata.csproj", "{F40C0E51-2F80-408B-A991-96E0EB4AABD3}"
EndProject
Global
	GlobalSection(SolutionConfigurationPlatforms) = preSolution
		Debug|Any CPU = Debug|Any CPU
		Release|Any CPU = Release|Any CPU
	EndGlobalSection
	GlobalSection(ProjectConfigurationPlatforms) = postSolution
		{F40C0E51-2F80-408B-A991-96E0EB4AABD3}.Debug|Any CPU.ActiveCfg = Debug|Any CPU
		{F40C0E51-2F80-408B-A991-96E0EB4AABD3}.Debug|Any CPU.Build.0 = Debug|Any CPU
		{F40C0E51-2F80-408B-A991-96E0EB4AABD3}.Release|Any CPU.ActiveCfg = Release|Any CPU
		{F40C0E51-2F80-408B-A991-96E0EB4AABD3}.Release|Any CPU.Build.0 = Release|Any CPU
	EndGlobalSection
	GlobalSection(SolutionProperties) = preSolution
		HideSolutionNode = FALSE
	EndGlobalSection
	GlobalSection(ExtensibilityGlobals) = postSolution
		SolutionGuid = {FC80C1B1-924C-483E-A379-1040D0D8C841}
	EndGlobalSection
EndGlobal
